
Microsoft Visual Studio Solution File, Format Version 12.00
# Visual Studio 2012
Project("{FAE04EC0-301F-11D3-BF4B-00C04F79EFBC}") = "ValueButtonLib", "ValueButtonLib\ValueButtonLib.csproj", "{36115C6A-42E3-49BF-B562-C6F699493D93}"
EndProject
Project("{FAE04EC0-301F-11D3-BF4B-00C04F79EFBC}") = "Test", "Test\Test.csproj", "{31430DEB-6CCB-4E53-BB0E-80FB67B0E1AB}"
EndProject
Global
	GlobalSection(SolutionConfigurationPlatforms) = preSolution
		Debug|Any CPU = Debug|Any CPU
		Release|Any CPU = Release|Any CPU
	EndGlobalSection
	GlobalSection(ProjectConfigurationPlatforms) = postSolution
		{36115C6A-42E3-49BF-B562-C6F699493D93}.Debug|Any CPU.ActiveCfg = Debug|Any CPU
		{36115C6A-42E3-49BF-B562-C6F699493D93}.Debug|Any CPU.Build.0 = Debug|Any CPU
		{36115C6A-42E3-49BF-B562-C6F699493D93}.Release|Any CPU.ActiveCfg = Release|Any CPU
		{36115C6A-42E3-49BF-B562-C6F699493D93}.Release|Any CPU.Build.0 = Release|Any CPU
		{31430DEB-6CCB-4E53-BB0E-80FB67B0E1AB}.Debug|Any CPU.ActiveCfg = Debug|Any CPU
		{31430DEB-6CCB-4E53-BB0E-80FB67B0E1AB}.Debug|Any CPU.Build.0 = Debug|Any CPU
		{31430DEB-6CCB-4E53-BB0E-80FB67B0E1AB}.Release|Any CPU.ActiveCfg = Release|Any CPU
		{31430DEB-6CCB-4E53-BB0E-80FB67B0E1AB}.Release|Any CPU.Build.0 = Release|Any CPU
	EndGlobalSection
	GlobalSection(SolutionProperties) = preSolution
		HideSolutionNode = FALSE
	EndGlobalSection
EndGlobal
